
Microsoft Visual Studio Solution File, Format Version 12.00
# Visual Studio Version 17
VisualStudioVersion = 17.4.33103.184
MinimumVisualStudioVersion = 10.0.40219.1
Project("{2150E333-8FDC-42A3-9474-1A3956D46DE8}") = "modules", "modules", "{EEF5F221-0E32-4A3D-B647-B4B5E7305806}"
EndProject
Project("{2150E333-8FDC-42A3-9474-1A3956D46DE8}") = "project", "project", "{32A813F5-13B2-4DCA-8B59-F27F1B0D5678}"
EndProject
Project("{2150E333-8FDC-42A3-9474-1A3956D46DE8}") = "framework", "framework", "{5F2B846D-96CE-400A-878E-220498F4EE31}"
EndProject
Project("{9A19103F-16F7-4668-BE54-9A1E7A4F7556}") = "Yi.Framework.Core", "src\framework\Yi.Framework.Core\Yi.Framework.Core.csproj", "{83B2D7AD-ED8E-4392-B0AE-4227498CD75F}"
EndProject
Project("{9A19103F-16F7-4668-BE54-9A1E7A4F7556}") = "Yi.Template.Application", "src\project\template\Yi.Template.Application\Yi.Template.Application.csproj", "{456835D1-4968-4195-9993-B2A580E85056}"
EndProject
Project("{9A19103F-16F7-4668-BE54-9A1E7A4F7556}") = "Yi.Template.Application.Contracts", "src\project\template\Yi.Template.Application.Contracts\Yi.Template.Application.Contracts.csproj", "{D2378C23-2CFE-468A-924A-B8C9D4A3A8ED}"
EndProject
Project("{9A19103F-16F7-4668-BE54-9A1E7A4F7556}") = "Yi.Template.Domain", "src\project\template\Yi.Template.Domain\Yi.Template.Domain.csproj", "{C02A954D-CCCB-41BD-ADAD-9D7ECBF1A828}"
EndProject
Project("{9A19103F-16F7-4668-BE54-9A1E7A4F7556}") = "Yi.Template.Domain.Shared", "src\project\template\Yi.Template.Domain.Shared\Yi.Template.Domain.Shared.csproj", "{26171153-1784-455B-9582-0558AEEC03CF}"
EndProject
Project("{9A19103F-16F7-4668-BE54-9A1E7A4F7556}") = "Yi.Template.Sqlsugar", "src\project\template\Yi.Template.Sqlsugar\Yi.Template.Sqlsugar.csproj", "{3C3A7BAC-F27F-433E-BF91-289FA42E4995}"
EndProject
Project("{9A19103F-16F7-4668-BE54-9A1E7A4F7556}") = "Yi.Template.Web", "src\project\template\Yi.Template.Web\Yi.Template.Web.csproj", "{01CC7B62-F42C-45CE-BACA-F450593A1AF2}"
EndProject
Project("{9A19103F-16F7-4668-BE54-9A1E7A4F7556}") = "Yi.Framework.BackgroundJobs.Quartz", "src\module\Yi.Framework.BackgroundJobs.Quartz\Yi.Framework.BackgroundJobs.Quartz.csproj", "{1879A863-9864-4E16-8492-504055807684}"
EndProject
Project("{9A19103F-16F7-4668-BE54-9A1E7A4F7556}") = "Yi.Framework.Ddd", "src\framework\Yi.Framework.Ddd\Yi.Framework.Ddd.csproj", "{949F35A7-36E4-4080-9940-24BE52532078}"
EndProject
Project("{9A19103F-16F7-4668-BE54-9A1E7A4F7556}") = "Yi.Framework.Core.Autofac", "src\framework\Yi.Framework.Core.Autofac\Yi.Framework.Core.Autofac.csproj", "{63BA134E-9D23-4EB8-87E4-B45B33D954F5}"
EndProject
Project("{9A19103F-16F7-4668-BE54-9A1E7A4F7556}") = "Yi.Framework.AspNetCore", "src\framework\Yi.Framework.AspNetCore\Yi.Framework.AspNetCore.csproj", "{2F5E5843-14FB-48F1-AEB0-B9FFE103B972}"
EndProject
Project("{9A19103F-16F7-4668-BE54-9A1E7A4F7556}") = "Yi.Framework.Caching", "src\module\Yi.Framework.Caching\Yi.Framework.Caching.csproj", "{8767C5B7-3A17-4729-BCAA-B391B6A215AA}"
EndProject
Project("{9A19103F-16F7-4668-BE54-9A1E7A4F7556}") = "Yi.Framework.Caching.Redis", "src\module\Yi.Framework.Caching.Redis\Yi.Framework.Caching.Redis.csproj", "{F13D4F03-3FA0-43E9-BBAA-F618E1A3CF41}"
EndProject
Project("{9A19103F-16F7-4668-BE54-9A1E7A4F7556}") = "Yi.Framework.Caching.MemoryCache", "src\module\Yi.Framework.Caching.MemoryCache\Yi.Framework.Caching.MemoryCache.csproj", "{67CF07AB-2A72-4B36-A3A5-4CEB82B7C43C}"
EndProject
Project("{9A19103F-16F7-4668-BE54-9A1E7A4F7556}") = "Yi.Framework.Uow", "src\framework\Yi.Framework.Uow\Yi.Framework.Uow.csproj", "{3D83BE69-71BB-43BE-B3F1-A532215561CD}"
EndProject
Project("{9A19103F-16F7-4668-BE54-9A1E7A4F7556}") = "Yi.Framework.Core.Sqlsugar", "src\framework\Yi.Framework.Core.Sqlsugar\Yi.Framework.Core.Sqlsugar.csproj", "{58F4071D-66B7-4839-A247-79AF0E4E1C8E}"
EndProject
Project("{9A19103F-16F7-4668-BE54-9A1E7A4F7556}") = "Yi.Framework.Core.Mapster", "src\framework\Yi.Framework.Core.AutoMapper\Yi.Framework.Core.Mapster.csproj", "{DFD34702-2EF6-4ECC-AE6E-9A1A3885BD26}"
EndProject
Project("{9A19103F-16F7-4668-BE54-9A1E7A4F7556}") = "Yi.Framework.Office.Excel", "src\module\Yi.Framework.Office.Excel\Yi.Framework.Office.Excel.csproj", "{4EEC6607-F0D8-4277-9463-104DA7E184B6}"
EndProject
Project("{9A19103F-16F7-4668-BE54-9A1E7A4F7556}") = "Yi.Framework.WeChatPay", "src\module\Yi.Framework.WeChatPay\Yi.Framework.WeChatPay.csproj", "{588D0DA9-303A-4FF0-A2D1-83037E2B269F}"
EndProject
Project("{9A19103F-16F7-4668-BE54-9A1E7A4F7556}") = "Yi.Framework.Data", "src\framework\Yi.Framework.Data\Yi.Framework.Data.csproj", "{DEE07142-32CE-4B5F-A5A3-452064EBF4A2}"
EndProject
Project("{9A19103F-16F7-4668-BE54-9A1E7A4F7556}") = "Yi.Framework.Auth.JwtBearer", "src\framework\Yi.Framework.Auth.JwtBearer\Yi.Framework.Auth.JwtBearer.csproj", "{D40C583D-58BE-422D-9A57-94DECB751EB4}"
EndProject
Project("{9A19103F-16F7-4668-BE54-9A1E7A4F7556}") = "Yi.Framework.Template", "src\module\Yi.Framework.Template\Yi.Framework.Template.csproj", "{134C4AB9-2AFE-4383-84DE-825DF9499CB4}"
EndProject
Project("{2150E333-8FDC-42A3-9474-1A3956D46DE8}") = "template", "template", "{A3707874-7890-42AF-A686-E3AACD6F108C}"
EndProject
Project("{2150E333-8FDC-42A3-9474-1A3956D46DE8}") = "bbs", "bbs", "{B758A87D-0BFA-44A5-BA33-FBA44151CEB4}"
EndProject
Project("{9A19103F-16F7-4668-BE54-9A1E7A4F7556}") = "Yi.BBS.Domain.Shared", "src\project\bbs\Yi.BBS.Domain.Shared\Yi.BBS.Domain.Shared.csproj", "{DEA3342F-1954-4EE9-9A59-CAF1D7832F33}"
EndProject
Project("{9A19103F-16F7-4668-BE54-9A1E7A4F7556}") = "Yi.BBS.Domain", "src\project\bbs\Yi.BBS.Domain\Yi.BBS.Domain.csproj", "{86C82BB6-E333-40E8-8DDE-20C3A538433C}"
EndProject
Project("{9A19103F-16F7-4668-BE54-9A1E7A4F7556}") = "Yi.BBS.Application.Contracts", "src\project\bbs\Yi.BBS.Application.Contracts\Yi.BBS.Application.Contracts.csproj", "{679625DD-4BF6-4CD6-99FD-7A3E6D9B04A1}"
EndProject
Project("{9A19103F-16F7-4668-BE54-9A1E7A4F7556}") = "Yi.BBS.Sqlsugar", "src\project\bbs\Yi.BBS.Sqlsugar\Yi.BBS.Sqlsugar.csproj", "{A8043204-9DAC-4F08-8C73-423CB72927EF}"
EndProject
Project("{9A19103F-16F7-4668-BE54-9A1E7A4F7556}") = "Yi.BBS.Web", "src\project\bbs\Yi.BBS.Web\Yi.BBS.Web.csproj", "{83BE964D-D53C-4D1B-B8C6-5306C393C07F}"
EndProject
Project("{9A19103F-16F7-4668-BE54-9A1E7A4F7556}") = "Yi.BBS.Application", "src\project\bbs\Yi.BBS.Application\Yi.BBS.Application.csproj", "{959A33C5-7826-4AE7-AC51-40BDC2B767B2}"
EndProject
Project("{2150E333-8FDC-42A3-9474-1A3956D46DE8}") = "rbac", "rbac", "{07C9E949-DB5E-4315-A497-FF73746667D8}"
EndProject
Project("{9A19103F-16F7-4668-BE54-9A1E7A4F7556}") = "Yi.RBAC.Domain.Shared", "src\project\rbac\Yi.RBAC.Domain.Shared\Yi.RBAC.Domain.Shared.csproj", "{5467178B-3731-4346-A0A3-3CB1AC0953AB}"
EndProject
Project("{9A19103F-16F7-4668-BE54-9A1E7A4F7556}") = "Yi.RBAC.Domain", "src\project\rbac\Yi.RBAC.Domain\Yi.RBAC.Domain.csproj", "{2E082104-D3A6-40DE-A4E5-DE326B75A62D}"
EndProject
Project("{9A19103F-16F7-4668-BE54-9A1E7A4F7556}") = "Yi.RBAC.Sqlsugar", "src\project\rbac\Yi.RBAC.Sqlsugar\Yi.RBAC.Sqlsugar.csproj", "{ECF1AA6F-8FCD-428F-9648-2DAE3C345C96}"
EndProject
Project("{9A19103F-16F7-4668-BE54-9A1E7A4F7556}") = "Yi.RBAC.Application.Contracts", "src\project\rbac\Yi.RBAC.Application.Contracts\Yi.RBAC.Application.Contracts.csproj", "{478DA36E-F547-49CD-8B48-41DC5551C5C2}"
EndProject
Project("{9A19103F-16F7-4668-BE54-9A1E7A4F7556}") = "Yi.RBAC.Application", "src\project\rbac\Yi.RBAC.Application\Yi.RBAC.Application.csproj", "{2074EA00-59A4-49CE-97A6-735F4B77443B}"
EndProject
Project("{9A19103F-16F7-4668-BE54-9A1E7A4F7556}") = "Yi.RBAC.Web", "src\project\rbac\Yi.RBAC.Web\Yi.RBAC.Web.csproj", "{0C031C7D-6F80-4559-977C-AC001036EC44}"
EndProject
Project("{9A19103F-16F7-4668-BE54-9A1E7A4F7556}") = "Yi.Framework.ImageSharp", "src\module\Yi.Framework.ImageSharp\Yi.Framework.ImageSharp.csproj", "{60E54034-792C-4A90-BCDF-4D5FFB45089E}"
EndProject
Project("{9A19103F-16F7-4668-BE54-9A1E7A4F7556}") = "Yi.Framework.EventBus", "src\module\Yi.Framework.EventBus\Yi.Framework.EventBus.csproj", "{FC559052-36EC-4379-B447-298FAD6045F4}"
EndProject
Project("{2150E333-8FDC-42A3-9474-1A3956D46DE8}") = "Solution Items", "Solution Items", "{12EA3BCF-8991-4010-B41E-67C476CBA690}"
	ProjectSection(SolutionItems) = preProject
		Build.props = Build.props
		..\readme\git提交规范.txt = ..\readme\git提交规范.txt
		src\project\rbac\GlobalUsings.cs = src\project\rbac\GlobalUsings.cs
		Version.cs = Version.cs
	EndProjectSection
EndProject
Project("{9A19103F-16F7-4668-BE54-9A1E7A4F7556}") = "Yi.Framework.OperLogManager", "src\module\Yi.Framework.OperLogManager\Yi.Framework.OperLogManager.csproj", "{8A604A6B-D1FA-4CFF-BCF5-557519B10FCB}"
EndProject
Project("{9A19103F-16F7-4668-BE54-9A1E7A4F7556}") = "Yi.Framework.FileManager", "src\module\Yi.Framework.FileManager\Yi.Framework.FileManager.csproj", "{1BF3115D-B027-4805-AF7B-41B3AE9CB355}"
EndProject
Project("{9A19103F-16F7-4668-BE54-9A1E7A4F7556}") = "Yi.Framework.MultiTenancy", "src\framework\Yi.Framework.MultiTenancy\Yi.Framework.MultiTenancy.csproj", "{590B1EC0-CDA9-4937-BE07-FBB04437D21F}"
EndProject
Project("{9A19103F-16F7-4668-BE54-9A1E7A4F7556}") = "Yi.Framework.DictionaryManager", "src\module\Yi.Framework.DictionaryManager\Yi.Framework.DictionaryManager.csproj", "{8941B30D-698B-477A-8737-43E7B4A8695A}"
EndProject
Project("{9A19103F-16F7-4668-BE54-9A1E7A4F7556}") = "Yi.Framework.Sms.Aliyun", "src\module\Yi.Framework.Sms.Aliyun\Yi.Framework.Sms.Aliyun.csproj", "{063178CF-C5B9-463C-A8A4-F32B743818E2}"
EndProject
Global
	GlobalSection(SolutionConfigurationPlatforms) = preSolution
		Debug|Any CPU = Debug|Any CPU
		Release|Any CPU = Release|Any CPU
	EndGlobalSection
	GlobalSection(ProjectConfigurationPlatforms) = postSolution
		{83B2D7AD-ED8E-4392-B0AE-4227498CD75F}.Debug|Any CPU.ActiveCfg = Debug|Any CPU
		{83B2D7AD-ED8E-4392-B0AE-4227498CD75F}.Debug|Any CPU.Build.0 = Debug|Any CPU
		{83B2D7AD-ED8E-4392-B0AE-4227498CD75F}.Release|Any CPU.ActiveCfg = Release|Any CPU
		{83B2D7AD-ED8E-4392-B0AE-4227498CD75F}.Release|Any CPU.Build.0 = Release|Any CPU
		{456835D1-4968-4195-9993-B2A580E85056}.Debug|Any CPU.ActiveCfg = Debug|Any CPU
		{456835D1-4968-4195-9993-B2A580E85056}.Debug|Any CPU.Build.0 = Debug|Any CPU
		{456835D1-4968-4195-9993-B2A580E85056}.Release|Any CPU.ActiveCfg = Release|Any CPU
		{456835D1-4968-4195-9993-B2A580E85056}.Release|Any CPU.Build.0 = Release|Any CPU
		{D2378C23-2CFE-468A-924A-B8C9D4A3A8ED}.Debug|Any CPU.ActiveCfg = Debug|Any CPU
		{D2378C23-2CFE-468A-924A-B8C9D4A3A8ED}.Debug|Any CPU.Build.0 = Debug|Any CPU
		{D2378C23-2CFE-468A-924A-B8C9D4A3A8ED}.Release|Any CPU.ActiveCfg = Release|Any CPU
		{D2378C23-2CFE-468A-924A-B8C9D4A3A8ED}.Release|Any CPU.Build.0 = Release|Any CPU
		{C02A954D-CCCB-41BD-ADAD-9D7ECBF1A828}.Debug|Any CPU.ActiveCfg = Debug|Any CPU
		{C02A954D-CCCB-41BD-ADAD-9D7ECBF1A828}.Debug|Any CPU.Build.0 = Debug|Any CPU
		{C02A954D-CCCB-41BD-ADAD-9D7ECBF1A828}.Release|Any CPU.ActiveCfg = Release|Any CPU
		{C02A954D-CCCB-41BD-ADAD-9D7ECBF1A828}.Release|Any CPU.Build.0 = Release|Any CPU
		{26171153-1784-455B-9582-0558AEEC03CF}.Debug|Any CPU.ActiveCfg = Debug|Any CPU
		{26171153-1784-455B-9582-0558AEEC03CF}.Debug|Any CPU.Build.0 = Debug|Any CPU
		{26171153-1784-455B-9582-0558AEEC03CF}.Release|Any CPU.ActiveCfg = Release|Any CPU
		{26171153-1784-455B-9582-0558AEEC03CF}.Release|Any CPU.Build.0 = Release|Any CPU
		{3C3A7BAC-F27F-433E-BF91-289FA42E4995}.Debug|Any CPU.ActiveCfg = Debug|Any CPU
		{3C3A7BAC-F27F-433E-BF91-289FA42E4995}.Debug|Any CPU.Build.0 = Debug|Any CPU
		{3C3A7BAC-F27F-433E-BF91-289FA42E4995}.Release|Any CPU.ActiveCfg = Release|Any CPU
		{3C3A7BAC-F27F-433E-BF91-289FA42E4995}.Release|Any CPU.Build.0 = Release|Any CPU
		{01CC7B62-F42C-45CE-BACA-F450593A1AF2}.Debug|Any CPU.ActiveCfg = Debug|Any CPU
		{01CC7B62-F42C-45CE-BACA-F450593A1AF2}.Debug|Any CPU.Build.0 = Debug|Any CPU
		{01CC7B62-F42C-45CE-BACA-F450593A1AF2}.Release|Any CPU.ActiveCfg = Release|Any CPU
		{01CC7B62-F42C-45CE-BACA-F450593A1AF2}.Release|Any CPU.Build.0 = Release|Any CPU
		{1879A863-9864-4E16-8492-504055807684}.Debug|Any CPU.ActiveCfg = Debug|Any CPU
		{1879A863-9864-4E16-8492-504055807684}.Debug|Any CPU.Build.0 = Debug|Any CPU
		{1879A863-9864-4E16-8492-504055807684}.Release|Any CPU.ActiveCfg = Release|Any CPU
		{1879A863-9864-4E16-8492-504055807684}.Release|Any CPU.Build.0 = Release|Any CPU
		{949F35A7-36E4-4080-9940-24BE52532078}.Debug|Any CPU.ActiveCfg = Debug|Any CPU
		{949F35A7-36E4-4080-9940-24BE52532078}.Debug|Any CPU.Build.0 = Debug|Any CPU
		{949F35A7-36E4-4080-9940-24BE52532078}.Release|Any CPU.ActiveCfg = Release|Any CPU
		{949F35A7-36E4-4080-9940-24BE52532078}.Release|Any CPU.Build.0 = Release|Any CPU
		{63BA134E-9D23-4EB8-87E4-B45B33D954F5}.Debug|Any CPU.ActiveCfg = Debug|Any CPU
		{63BA134E-9D23-4EB8-87E4-B45B33D954F5}.Debug|Any CPU.Build.0 = Debug|Any CPU
		{63BA134E-9D23-4EB8-87E4-B45B33D954F5}.Release|Any CPU.ActiveCfg = Release|Any CPU
		{63BA134E-9D23-4EB8-87E4-B45B33D954F5}.Release|Any CPU.Build.0 = Release|Any CPU
		{2F5E5843-14FB-48F1-AEB0-B9FFE103B972}.Debug|Any CPU.ActiveCfg = Debug|Any CPU
		{2F5E5843-14FB-48F1-AEB0-B9FFE103B972}.Debug|Any CPU.Build.0 = Debug|Any CPU
		{2F5E5843-14FB-48F1-AEB0-B9FFE103B972}.Release|Any CPU.ActiveCfg = Release|Any CPU
		{2F5E5843-14FB-48F1-AEB0-B9FFE103B972}.Release|Any CPU.Build.0 = Release|Any CPU
		{8767C5B7-3A17-4729-BCAA-B391B6A215AA}.Debug|Any CPU.ActiveCfg = Debug|Any CPU
		{8767C5B7-3A17-4729-BCAA-B391B6A215AA}.Debug|Any CPU.Build.0 = Debug|Any CPU
		{8767C5B7-3A17-4729-BCAA-B391B6A215AA}.Release|Any CPU.ActiveCfg = Release|Any CPU
		{8767C5B7-3A17-4729-BCAA-B391B6A215AA}.Release|Any CPU.Build.0 = Release|Any CPU
		{F13D4F03-3FA0-43E9-BBAA-F618E1A3CF41}.Debug|Any CPU.ActiveCfg = Debug|Any CPU
		{F13D4F03-3FA0-43E9-BBAA-F618E1A3CF41}.Debug|Any CPU.Build.0 = Debug|Any CPU
		{F13D4F03-3FA0-43E9-BBAA-F618E1A3CF41}.Release|Any CPU.ActiveCfg = Release|Any CPU
		{F13D4F03-3FA0-43E9-BBAA-F618E1A3CF41}.Release|Any CPU.Build.0 = Release|Any CPU
		{67CF07AB-2A72-4B36-A3A5-4CEB82B7C43C}.Debug|Any CPU.ActiveCfg = Debug|Any CPU
		{67CF07AB-2A72-4B36-A3A5-4CEB82B7C43C}.Debug|Any CPU.Build.0 = Debug|Any CPU
		{67CF07AB-2A72-4B36-A3A5-4CEB82B7C43C}.Release|Any CPU.ActiveCfg = Release|Any CPU
		{67CF07AB-2A72-4B36-A3A5-4CEB82B7C43C}.Release|Any CPU.Build.0 = Release|Any CPU
		{3D83BE69-71BB-43BE-B3F1-A532215561CD}.Debug|Any CPU.ActiveCfg = Debug|Any CPU
		{3D83BE69-71BB-43BE-B3F1-A532215561CD}.Debug|Any CPU.Build.0 = Debug|Any CPU
		{3D83BE69-71BB-43BE-B3F1-A532215561CD}.Release|Any CPU.ActiveCfg = Release|Any CPU
		{3D83BE69-71BB-43BE-B3F1-A532215561CD}.Release|Any CPU.Build.0 = Release|Any CPU
		{58F4071D-66B7-4839-A247-79AF0E4E1C8E}.Debug|Any CPU.ActiveCfg = Debug|Any CPU
		{58F4071D-66B7-4839-A247-79AF0E4E1C8E}.Debug|Any CPU.Build.0 = Debug|Any CPU
		{58F4071D-66B7-4839-A247-79AF0E4E1C8E}.Release|Any CPU.ActiveCfg = Release|Any CPU
		{58F4071D-66B7-4839-A247-79AF0E4E1C8E}.Release|Any CPU.Build.0 = Release|Any CPU
		{DFD34702-2EF6-4ECC-AE6E-9A1A3885BD26}.Debug|Any CPU.ActiveCfg = Debug|Any CPU
		{DFD34702-2EF6-4ECC-AE6E-9A1A3885BD26}.Debug|Any CPU.Build.0 = Debug|Any CPU
		{DFD34702-2EF6-4ECC-AE6E-9A1A3885BD26}.Release|Any CPU.ActiveCfg = Release|Any CPU
		{DFD34702-2EF6-4ECC-AE6E-9A1A3885BD26}.Release|Any CPU.Build.0 = Release|Any CPU
		{4EEC6607-F0D8-4277-9463-104DA7E184B6}.Debug|Any CPU.ActiveCfg = Debug|Any CPU
		{4EEC6607-F0D8-4277-9463-104DA7E184B6}.Debug|Any CPU.Build.0 = Debug|Any CPU
		{4EEC6607-F0D8-4277-9463-104DA7E184B6}.Release|Any CPU.ActiveCfg = Release|Any CPU
		{4EEC6607-F0D8-4277-9463-104DA7E184B6}.Release|Any CPU.Build.0 = Release|Any CPU
		{588D0DA9-303A-4FF0-A2D1-83037E2B269F}.Debug|Any CPU.ActiveCfg = Debug|Any CPU
		{588D0DA9-303A-4FF0-A2D1-83037E2B269F}.Debug|Any CPU.Build.0 = Debug|Any CPU
		{588D0DA9-303A-4FF0-A2D1-83037E2B269F}.Release|Any CPU.ActiveCfg = Release|Any CPU
		{588D0DA9-303A-4FF0-A2D1-83037E2B269F}.Release|Any CPU.Build.0 = Release|Any CPU
		{DEE07142-32CE-4B5F-A5A3-452064EBF4A2}.Debug|Any CPU.ActiveCfg = Debug|Any CPU
		{DEE07142-32CE-4B5F-A5A3-452064EBF4A2}.Debug|Any CPU.Build.0 = Debug|Any CPU
		{DEE07142-32CE-4B5F-A5A3-452064EBF4A2}.Release|Any CPU.ActiveCfg = Release|Any CPU
		{DEE07142-32CE-4B5F-A5A3-452064EBF4A2}.Release|Any CPU.Build.0 = Release|Any CPU
		{D40C583D-58BE-422D-9A57-94DECB751EB4}.Debug|Any CPU.ActiveCfg = Debug|Any CPU
		{D40C583D-58BE-422D-9A57-94DECB751EB4}.Debug|Any CPU.Build.0 = Debug|Any CPU
		{D40C583D-58BE-422D-9A57-94DECB751EB4}.Release|Any CPU.ActiveCfg = Release|Any CPU
		{D40C583D-58BE-422D-9A57-94DECB751EB4}.Release|Any CPU.Build.0 = Release|Any CPU
		{134C4AB9-2AFE-4383-84DE-825DF9499CB4}.Debug|Any CPU.ActiveCfg = Debug|Any CPU
		{134C4AB9-2AFE-4383-84DE-825DF9499CB4}.Debug|Any CPU.Build.0 = Debug|Any CPU
		{134C4AB9-2AFE-4383-84DE-825DF9499CB4}.Release|Any CPU.ActiveCfg = Release|Any CPU
		{134C4AB9-2AFE-4383-84DE-825DF9499CB4}.Release|Any CPU.Build.0 = Release|Any CPU
		{DEA3342F-1954-4EE9-9A59-CAF1D7832F33}.Debug|Any CPU.ActiveCfg = Debug|Any CPU
		{DEA3342F-1954-4EE9-9A59-CAF1D7832F33}.Debug|Any CPU.Build.0 = Debug|Any CPU
		{DEA3342F-1954-4EE9-9A59-CAF1D7832F33}.Release|Any CPU.ActiveCfg = Release|Any CPU
		{DEA3342F-1954-4EE9-9A59-CAF1D7832F33}.Release|Any CPU.Build.0 = Release|Any CPU
		{86C82BB6-E333-40E8-8DDE-20C3A538433C}.Debug|Any CPU.ActiveCfg = Debug|Any CPU
		{86C82BB6-E333-40E8-8DDE-20C3A538433C}.Debug|Any CPU.Build.0 = Debug|Any CPU
		{86C82BB6-E333-40E8-8DDE-20C3A538433C}.Release|Any CPU.ActiveCfg = Release|Any CPU
		{86C82BB6-E333-40E8-8DDE-20C3A538433C}.Release|Any CPU.Build.0 = Release|Any CPU
		{679625DD-4BF6-4CD6-99FD-7A3E6D9B04A1}.Debug|Any CPU.ActiveCfg = Debug|Any CPU
		{679625DD-4BF6-4CD6-99FD-7A3E6D9B04A1}.Debug|Any CPU.Build.0 = Debug|Any CPU
		{679625DD-4BF6-4CD6-99FD-7A3E6D9B04A1}.Release|Any CPU.ActiveCfg = Release|Any CPU
		{679625DD-4BF6-4CD6-99FD-7A3E6D9B04A1}.Release|Any CPU.Build.0 = Release|Any CPU
		{A8043204-9DAC-4F08-8C73-423CB72927EF}.Debug|Any CPU.ActiveCfg = Debug|Any CPU
		{A8043204-9DAC-4F08-8C73-423CB72927EF}.Debug|Any CPU.Build.0 = Debug|Any CPU
		{A8043204-9DAC-4F08-8C73-423CB72927EF}.Release|Any CPU.ActiveCfg = Release|Any CPU
		{A8043204-9DAC-4F08-8C73-423CB72927EF}.Release|Any CPU.Build.0 = Release|Any CPU
		{83BE964D-D53C-4D1B-B8C6-5306C393C07F}.Debug|Any CPU.ActiveCfg = Debug|Any CPU
		{83BE964D-D53C-4D1B-B8C6-5306C393C07F}.Debug|Any CPU.Build.0 = Debug|Any CPU
		{83BE964D-D53C-4D1B-B8C6-5306C393C07F}.Release|Any CPU.ActiveCfg = Release|Any CPU
		{83BE964D-D53C-4D1B-B8C6-5306C393C07F}.Release|Any CPU.Build.0 = Release|Any CPU
		{959A33C5-7826-4AE7-AC51-40BDC2B767B2}.Debug|Any CPU.ActiveCfg = Debug|Any CPU
		{959A33C5-7826-4AE7-AC51-40BDC2B767B2}.Debug|Any CPU.Build.0 = Debug|Any CPU
		{959A33C5-7826-4AE7-AC51-40BDC2B767B2}.Release|Any CPU.ActiveCfg = Release|Any CPU
		{959A33C5-7826-4AE7-AC51-40BDC2B767B2}.Release|Any CPU.Build.0 = Release|Any CPU
		{5467178B-3731-4346-A0A3-3CB1AC0953AB}.Debug|Any CPU.ActiveCfg = Debug|Any CPU
		{5467178B-3731-4346-A0A3-3CB1AC0953AB}.Debug|Any CPU.Build.0 = Debug|Any CPU
		{5467178B-3731-4346-A0A3-3CB1AC0953AB}.Release|Any CPU.ActiveCfg = Release|Any CPU
		{5467178B-3731-4346-A0A3-3CB1AC0953AB}.Release|Any CPU.Build.0 = Release|Any CPU
		{2E082104-D3A6-40DE-A4E5-DE326B75A62D}.Debug|Any CPU.ActiveCfg = Debug|Any CPU
		{2E082104-D3A6-40DE-A4E5-DE326B75A62D}.Debug|Any CPU.Build.0 = Debug|Any CPU
		{2E082104-D3A6-40DE-A4E5-DE326B75A62D}.Release|Any CPU.ActiveCfg = Release|Any CPU
		{2E082104-D3A6-40DE-A4E5-DE326B75A62D}.Release|Any CPU.Build.0 = Release|Any CPU
		{ECF1AA6F-8FCD-428F-9648-2DAE3C345C96}.Debug|Any CPU.ActiveCfg = Debug|Any CPU
		{ECF1AA6F-8FCD-428F-9648-2DAE3C345C96}.Debug|Any CPU.Build.0 = Debug|Any CPU
		{ECF1AA6F-8FCD-428F-9648-2DAE3C345C96}.Release|Any CPU.ActiveCfg = Release|Any CPU
		{ECF1AA6F-8FCD-428F-9648-2DAE3C345C96}.Release|Any CPU.Build.0 = Release|Any CPU
		{478DA36E-F547-49CD-8B48-41DC5551C5C2}.Debug|Any CPU.ActiveCfg = Debug|Any CPU
		{478DA36E-F547-49CD-8B48-41DC5551C5C2}.Debug|Any CPU.Build.0 = Debug|Any CPU
		{478DA36E-F547-49CD-8B48-41DC5551C5C2}.Release|Any CPU.ActiveCfg = Release|Any CPU
		{478DA36E-F547-49CD-8B48-41DC5551C5C2}.Release|Any CPU.Build.0 = Release|Any CPU
		{2074EA00-59A4-49CE-97A6-735F4B77443B}.Debug|Any CPU.ActiveCfg = Debug|Any CPU
		{2074EA00-59A4-49CE-97A6-735F4B77443B}.Debug|Any CPU.Build.0 = Debug|Any CPU
		{2074EA00-59A4-49CE-97A6-735F4B77443B}.Release|Any CPU.ActiveCfg = Release|Any CPU
		{2074EA00-59A4-49CE-97A6-735F4B77443B}.Release|Any CPU.Build.0 = Release|Any CPU
		{0C031C7D-6F80-4559-977C-AC001036EC44}.Debug|Any CPU.ActiveCfg = Debug|Any CPU
		{0C031C7D-6F80-4559-977C-AC001036EC44}.Debug|Any CPU.Build.0 = Debug|Any CPU
		{0C031C7D-6F80-4559-977C-AC001036EC44}.Release|Any CPU.ActiveCfg = Release|Any CPU
		{0C031C7D-6F80-4559-977C-AC001036EC44}.Release|Any CPU.Build.0 = Release|Any CPU
		{60E54034-792C-4A90-BCDF-4D5FFB45089E}.Debug|Any CPU.ActiveCfg = Debug|Any CPU
		{60E54034-792C-4A90-BCDF-4D5FFB45089E}.Debug|Any CPU.Build.0 = Debug|Any CPU
		{60E54034-792C-4A90-BCDF-4D5FFB45089E}.Release|Any CPU.ActiveCfg = Release|Any CPU
		{60E54034-792C-4A90-BCDF-4D5FFB45089E}.Release|Any CPU.Build.0 = Release|Any CPU
		{FC559052-36EC-4379-B447-298FAD6045F4}.Debug|Any CPU.ActiveCfg = Debug|Any CPU
		{FC559052-36EC-4379-B447-298FAD6045F4}.Debug|Any CPU.Build.0 = Debug|Any CPU
		{FC559052-36EC-4379-B447-298FAD6045F4}.Release|Any CPU.ActiveCfg = Release|Any CPU
		{FC559052-36EC-4379-B447-298FAD6045F4}.Release|Any CPU.Build.0 = Release|Any CPU
		{8A604A6B-D1FA-4CFF-BCF5-557519B10FCB}.Debug|Any CPU.ActiveCfg = Debug|Any CPU
		{8A604A6B-D1FA-4CFF-BCF5-557519B10FCB}.Debug|Any CPU.Build.0 = Debug|Any CPU
		{8A604A6B-D1FA-4CFF-BCF5-557519B10FCB}.Release|Any CPU.ActiveCfg = Release|Any CPU
		{8A604A6B-D1FA-4CFF-BCF5-557519B10FCB}.Release|Any CPU.Build.0 = Release|Any CPU
		{1BF3115D-B027-4805-AF7B-41B3AE9CB355}.Debug|Any CPU.ActiveCfg = Debug|Any CPU
		{1BF3115D-B027-4805-AF7B-41B3AE9CB355}.Debug|Any CPU.Build.0 = Debug|Any CPU
		{1BF3115D-B027-4805-AF7B-41B3AE9CB355}.Release|Any CPU.ActiveCfg = Release|Any CPU
		{1BF3115D-B027-4805-AF7B-41B3AE9CB355}.Release|Any CPU.Build.0 = Release|Any CPU
		{590B1EC0-CDA9-4937-BE07-FBB04437D21F}.Debug|Any CPU.ActiveCfg = Debug|Any CPU
		{590B1EC0-CDA9-4937-BE07-FBB04437D21F}.Debug|Any CPU.Build.0 = Debug|Any CPU
		{590B1EC0-CDA9-4937-BE07-FBB04437D21F}.Release|Any CPU.ActiveCfg = Release|Any CPU
		{590B1EC0-CDA9-4937-BE07-FBB04437D21F}.Release|Any CPU.Build.0 = Release|Any CPU
		{8941B30D-698B-477A-8737-43E7B4A8695A}.Debug|Any CPU.ActiveCfg = Debug|Any CPU
		{8941B30D-698B-477A-8737-43E7B4A8695A}.Debug|Any CPU.Build.0 = Debug|Any CPU
		{8941B30D-698B-477A-8737-43E7B4A8695A}.Release|Any CPU.ActiveCfg = Release|Any CPU
		{8941B30D-698B-477A-8737-43E7B4A8695A}.Release|Any CPU.Build.0 = Release|Any CPU
		{063178CF-C5B9-463C-A8A4-F32B743818E2}.Debug|Any CPU.ActiveCfg = Debug|Any CPU
		{063178CF-C5B9-463C-A8A4-F32B743818E2}.Debug|Any CPU.Build.0 = Debug|Any CPU
		{063178CF-C5B9-463C-A8A4-F32B743818E2}.Release|Any CPU.ActiveCfg = Release|Any CPU
		{063178CF-C5B9-463C-A8A4-F32B743818E2}.Release|Any CPU.Build.0 = Release|Any CPU
	EndGlobalSection
	GlobalSection(SolutionProperties) = preSolution
		HideSolutionNode = FALSE
	EndGlobalSection
	GlobalSection(NestedProjects) = preSolution
		{83B2D7AD-ED8E-4392-B0AE-4227498CD75F} = {5F2B846D-96CE-400A-878E-220498F4EE31}
		{456835D1-4968-4195-9993-B2A580E85056} = {A3707874-7890-42AF-A686-E3AACD6F108C}
		{D2378C23-2CFE-468A-924A-B8C9D4A3A8ED} = {A3707874-7890-42AF-A686-E3AACD6F108C}
		{C02A954D-CCCB-41BD-ADAD-9D7ECBF1A828} = {A3707874-7890-42AF-A686-E3AACD6F108C}
		{26171153-1784-455B-9582-0558AEEC03CF} = {A3707874-7890-42AF-A686-E3AACD6F108C}
		{3C3A7BAC-F27F-433E-BF91-289FA42E4995} = {A3707874-7890-42AF-A686-E3AACD6F108C}
		{01CC7B62-F42C-45CE-BACA-F450593A1AF2} = {A3707874-7890-42AF-A686-E3AACD6F108C}
		{1879A863-9864-4E16-8492-504055807684} = {EEF5F221-0E32-4A3D-B647-B4B5E7305806}
		{949F35A7-36E4-4080-9940-24BE52532078} = {5F2B846D-96CE-400A-878E-220498F4EE31}
		{63BA134E-9D23-4EB8-87E4-B45B33D954F5} = {5F2B846D-96CE-400A-878E-220498F4EE31}
		{2F5E5843-14FB-48F1-AEB0-B9FFE103B972} = {5F2B846D-96CE-400A-878E-220498F4EE31}
		{8767C5B7-3A17-4729-BCAA-B391B6A215AA} = {EEF5F221-0E32-4A3D-B647-B4B5E7305806}
		{F13D4F03-3FA0-43E9-BBAA-F618E1A3CF41} = {EEF5F221-0E32-4A3D-B647-B4B5E7305806}
		{67CF07AB-2A72-4B36-A3A5-4CEB82B7C43C} = {EEF5F221-0E32-4A3D-B647-B4B5E7305806}
		{3D83BE69-71BB-43BE-B3F1-A532215561CD} = {5F2B846D-96CE-400A-878E-220498F4EE31}
		{58F4071D-66B7-4839-A247-79AF0E4E1C8E} = {5F2B846D-96CE-400A-878E-220498F4EE31}
		{DFD34702-2EF6-4ECC-AE6E-9A1A3885BD26} = {5F2B846D-96CE-400A-878E-220498F4EE31}
		{4EEC6607-F0D8-4277-9463-104DA7E184B6} = {EEF5F221-0E32-4A3D-B647-B4B5E7305806}
		{588D0DA9-303A-4FF0-A2D1-83037E2B269F} = {EEF5F221-0E32-4A3D-B647-B4B5E7305806}
		{DEE07142-32CE-4B5F-A5A3-452064EBF4A2} = {5F2B846D-96CE-400A-878E-220498F4EE31}
		{D40C583D-58BE-422D-9A57-94DECB751EB4} = {5F2B846D-96CE-400A-878E-220498F4EE31}
		{134C4AB9-2AFE-4383-84DE-825DF9499CB4} = {EEF5F221-0E32-4A3D-B647-B4B5E7305806}
		{A3707874-7890-42AF-A686-E3AACD6F108C} = {32A813F5-13B2-4DCA-8B59-F27F1B0D5678}
		{B758A87D-0BFA-44A5-BA33-FBA44151CEB4} = {32A813F5-13B2-4DCA-8B59-F27F1B0D5678}
		{DEA3342F-1954-4EE9-9A59-CAF1D7832F33} = {B758A87D-0BFA-44A5-BA33-FBA44151CEB4}
		{86C82BB6-E333-40E8-8DDE-20C3A538433C} = {B758A87D-0BFA-44A5-BA33-FBA44151CEB4}
		{679625DD-4BF6-4CD6-99FD-7A3E6D9B04A1} = {B758A87D-0BFA-44A5-BA33-FBA44151CEB4}
		{A8043204-9DAC-4F08-8C73-423CB72927EF} = {B758A87D-0BFA-44A5-BA33-FBA44151CEB4}
		{83BE964D-D53C-4D1B-B8C6-5306C393C07F} = {B758A87D-0BFA-44A5-BA33-FBA44151CEB4}
		{959A33C5-7826-4AE7-AC51-40BDC2B767B2} = {B758A87D-0BFA-44A5-BA33-FBA44151CEB4}
		{07C9E949-DB5E-4315-A497-FF73746667D8} = {32A813F5-13B2-4DCA-8B59-F27F1B0D5678}
		{5467178B-3731-4346-A0A3-3CB1AC0953AB} = {07C9E949-DB5E-4315-A497-FF73746667D8}
		{2E082104-D3A6-40DE-A4E5-DE326B75A62D} = {07C9E949-DB5E-4315-A497-FF73746667D8}
		{ECF1AA6F-8FCD-428F-9648-2DAE3C345C96} = {07C9E949-DB5E-4315-A497-FF73746667D8}
		{478DA36E-F547-49CD-8B48-41DC5551C5C2} = {07C9E949-DB5E-4315-A497-FF73746667D8}
		{2074EA00-59A4-49CE-97A6-735F4B77443B} = {07C9E949-DB5E-4315-A497-FF73746667D8}
		{0C031C7D-6F80-4559-977C-AC001036EC44} = {07C9E949-DB5E-4315-A497-FF73746667D8}
		{60E54034-792C-4A90-BCDF-4D5FFB45089E} = {EEF5F221-0E32-4A3D-B647-B4B5E7305806}
		{FC559052-36EC-4379-B447-298FAD6045F4} = {EEF5F221-0E32-4A3D-B647-B4B5E7305806}
		{8A604A6B-D1FA-4CFF-BCF5-557519B10FCB} = {EEF5F221-0E32-4A3D-B647-B4B5E7305806}
		{1BF3115D-B027-4805-AF7B-41B3AE9CB355} = {EEF5F221-0E32-4A3D-B647-B4B5E7305806}
		{590B1EC0-CDA9-4937-BE07-FBB04437D21F} = {5F2B846D-96CE-400A-878E-220498F4EE31}
		{8941B30D-698B-477A-8737-43E7B4A8695A} = {EEF5F221-0E32-4A3D-B647-B4B5E7305806}
		{063178CF-C5B9-463C-A8A4-F32B743818E2} = {EEF5F221-0E32-4A3D-B647-B4B5E7305806}
	EndGlobalSection
	GlobalSection(ExtensibilityGlobals) = postSolution
		SolutionGuid = {6C1A3808-0F4F-43FB-A9FE-5F27A3BB2ECF}
	EndGlobalSection
EndGlobal
