
Microsoft Visual Studio Solution File, Format Version 12.00
# Visual Studio Version 17
VisualStudioVersion = 17.4.33103.184
MinimumVisualStudioVersion = 10.0.40219.1
Project("{2150E333-8FDC-42A3-9474-1A3956D46DE8}") = "modules", "modules", "{EEF5F221-0E32-4A3D-B647-B4B5E7305806}"
EndProject
Project("{2150E333-8FDC-42A3-9474-1A3956D46DE8}") = "test", "test", "{32A813F5-13B2-4DCA-8B59-F27F1B0D5678}"
EndProject
Project("{2150E333-8FDC-42A3-9474-1A3956D46DE8}") = "framework", "framework", "{5F2B846D-96CE-400A-878E-220498F4EE31}"
EndProject
Project("{9A19103F-16F7-4668-BE54-9A1E7A4F7556}") = "Yi.Framework.Application", "Yi.Framework.Application\Yi.Framework.Application.csproj", "{456835D1-4968-4195-9993-B2A580E85056}"
EndProject
Project("{9A19103F-16F7-4668-BE54-9A1E7A4F7556}") = "Yi.Framework.Application.Contracts", "Yi.Framework.Application.Contracts\Yi.Framework.Application.Contracts.csproj", "{D2378C23-2CFE-468A-924A-B8C9D4A3A8ED}"
EndProject
Project("{9A19103F-16F7-4668-BE54-9A1E7A4F7556}") = "Yi.Framework.Domain", "Yi.Framework.Domain\Yi.Framework.Domain.csproj", "{C02A954D-CCCB-41BD-ADAD-9D7ECBF1A828}"
EndProject
Project("{9A19103F-16F7-4668-BE54-9A1E7A4F7556}") = "Yi.Framework.Domain.Shared", "Yi.Framework.Domain.Shared\Yi.Framework.Domain.Shared.csproj", "{26171153-1784-455B-9582-0558AEEC03CF}"
EndProject
Project("{9A19103F-16F7-4668-BE54-9A1E7A4F7556}") = "Yi.Framework.Sqlsugar", "Yi.Framework.Sqlsugar\Yi.Framework.Sqlsugar.csproj", "{3C3A7BAC-F27F-433E-BF91-289FA42E4995}"
EndProject
Project("{9A19103F-16F7-4668-BE54-9A1E7A4F7556}") = "Yi.Framework.Web", "Yi.Framework.Web\Yi.Framework.Web.csproj", "{01CC7B62-F42C-45CE-BACA-F450593A1AF2}"
EndProject
Project("{9A19103F-16F7-4668-BE54-9A1E7A4F7556}") = "Yi.Framework.BackgroundJobs.Quartz", "Yi.Framework.BackgroundJobs.Quartz\Yi.Framework.BackgroundJobs.Quartz.csproj", "{1879A863-9864-4E16-8492-504055807684}"
EndProject
Project("{9A19103F-16F7-4668-BE54-9A1E7A4F7556}") = "Yi.Framework.Caching", "Yi.Framework.Caching\Yi.Framework.Caching.csproj", "{8767C5B7-3A17-4729-BCAA-B391B6A215AA}"
EndProject
Project("{9A19103F-16F7-4668-BE54-9A1E7A4F7556}") = "Yi.Framework.Caching.Redis", "Yi.Framework.Caching.Redis\Yi.Framework.Caching.Redis.csproj", "{F13D4F03-3FA0-43E9-BBAA-F618E1A3CF41}"
EndProject
Project("{9A19103F-16F7-4668-BE54-9A1E7A4F7556}") = "Yi.Framework.Caching.MemoryCache", "Yi.Framework.Caching.MemoryCache\Yi.Framework.Caching.MemoryCache.csproj", "{67CF07AB-2A72-4B36-A3A5-4CEB82B7C43C}"
EndProject
Project("{9A19103F-16F7-4668-BE54-9A1E7A4F7556}") = "Yi.Framework.AspNetCore", "Yi.Framework.AspNetCore\Yi.Framework.AspNetCore.csproj", "{5A91C3DD-9547-47EE-91F3-84C8931FA424}"
EndProject
Global
	GlobalSection(SolutionConfigurationPlatforms) = preSolution
		Debug|Any CPU = Debug|Any CPU
		Release|Any CPU = Release|Any CPU
	EndGlobalSection
	GlobalSection(ProjectConfigurationPlatforms) = postSolution
		{456835D1-4968-4195-9993-B2A580E85056}.Debug|Any CPU.ActiveCfg = Debug|Any CPU
		{456835D1-4968-4195-9993-B2A580E85056}.Debug|Any CPU.Build.0 = Debug|Any CPU
		{456835D1-4968-4195-9993-B2A580E85056}.Release|Any CPU.ActiveCfg = Release|Any CPU
		{456835D1-4968-4195-9993-B2A580E85056}.Release|Any CPU.Build.0 = Release|Any CPU
		{D2378C23-2CFE-468A-924A-B8C9D4A3A8ED}.Debug|Any CPU.ActiveCfg = Debug|Any CPU
		{D2378C23-2CFE-468A-924A-B8C9D4A3A8ED}.Debug|Any CPU.Build.0 = Debug|Any CPU
		{D2378C23-2CFE-468A-924A-B8C9D4A3A8ED}.Release|Any CPU.ActiveCfg = Release|Any CPU
		{D2378C23-2CFE-468A-924A-B8C9D4A3A8ED}.Release|Any CPU.Build.0 = Release|Any CPU
		{C02A954D-CCCB-41BD-ADAD-9D7ECBF1A828}.Debug|Any CPU.ActiveCfg = Debug|Any CPU
		{C02A954D-CCCB-41BD-ADAD-9D7ECBF1A828}.Debug|Any CPU.Build.0 = Debug|Any CPU
		{C02A954D-CCCB-41BD-ADAD-9D7ECBF1A828}.Release|Any CPU.ActiveCfg = Release|Any CPU
		{C02A954D-CCCB-41BD-ADAD-9D7ECBF1A828}.Release|Any CPU.Build.0 = Release|Any CPU
		{26171153-1784-455B-9582-0558AEEC03CF}.Debug|Any CPU.ActiveCfg = Debug|Any CPU
		{26171153-1784-455B-9582-0558AEEC03CF}.Debug|Any CPU.Build.0 = Debug|Any CPU
		{26171153-1784-455B-9582-0558AEEC03CF}.Release|Any CPU.ActiveCfg = Release|Any CPU
		{26171153-1784-455B-9582-0558AEEC03CF}.Release|Any CPU.Build.0 = Release|Any CPU
		{3C3A7BAC-F27F-433E-BF91-289FA42E4995}.Debug|Any CPU.ActiveCfg = Debug|Any CPU
		{3C3A7BAC-F27F-433E-BF91-289FA42E4995}.Debug|Any CPU.Build.0 = Debug|Any CPU
		{3C3A7BAC-F27F-433E-BF91-289FA42E4995}.Release|Any CPU.ActiveCfg = Release|Any CPU
		{3C3A7BAC-F27F-433E-BF91-289FA42E4995}.Release|Any CPU.Build.0 = Release|Any CPU
		{01CC7B62-F42C-45CE-BACA-F450593A1AF2}.Debug|Any CPU.ActiveCfg = Debug|Any CPU
		{01CC7B62-F42C-45CE-BACA-F450593A1AF2}.Debug|Any CPU.Build.0 = Debug|Any CPU
		{01CC7B62-F42C-45CE-BACA-F450593A1AF2}.Release|Any CPU.ActiveCfg = Release|Any CPU
		{01CC7B62-F42C-45CE-BACA-F450593A1AF2}.Release|Any CPU.Build.0 = Release|Any CPU
		{1879A863-9864-4E16-8492-504055807684}.Debug|Any CPU.ActiveCfg = Debug|Any CPU
		{1879A863-9864-4E16-8492-504055807684}.Debug|Any CPU.Build.0 = Debug|Any CPU
		{1879A863-9864-4E16-8492-504055807684}.Release|Any CPU.ActiveCfg = Release|Any CPU
		{1879A863-9864-4E16-8492-504055807684}.Release|Any CPU.Build.0 = Release|Any CPU
		{8767C5B7-3A17-4729-BCAA-B391B6A215AA}.Debug|Any CPU.ActiveCfg = Debug|Any CPU
		{8767C5B7-3A17-4729-BCAA-B391B6A215AA}.Debug|Any CPU.Build.0 = Debug|Any CPU
		{8767C5B7-3A17-4729-BCAA-B391B6A215AA}.Release|Any CPU.ActiveCfg = Release|Any CPU
		{8767C5B7-3A17-4729-BCAA-B391B6A215AA}.Release|Any CPU.Build.0 = Release|Any CPU
		{F13D4F03-3FA0-43E9-BBAA-F618E1A3CF41}.Debug|Any CPU.ActiveCfg = Debug|Any CPU
		{F13D4F03-3FA0-43E9-BBAA-F618E1A3CF41}.Debug|Any CPU.Build.0 = Debug|Any CPU
		{F13D4F03-3FA0-43E9-BBAA-F618E1A3CF41}.Release|Any CPU.ActiveCfg = Release|Any CPU
		{F13D4F03-3FA0-43E9-BBAA-F618E1A3CF41}.Release|Any CPU.Build.0 = Release|Any CPU
		{67CF07AB-2A72-4B36-A3A5-4CEB82B7C43C}.Debug|Any CPU.ActiveCfg = Debug|Any CPU
		{67CF07AB-2A72-4B36-A3A5-4CEB82B7C43C}.Debug|Any CPU.Build.0 = Debug|Any CPU
		{67CF07AB-2A72-4B36-A3A5-4CEB82B7C43C}.Release|Any CPU.ActiveCfg = Release|Any CPU
		{67CF07AB-2A72-4B36-A3A5-4CEB82B7C43C}.Release|Any CPU.Build.0 = Release|Any CPU
		{5A91C3DD-9547-47EE-91F3-84C8931FA424}.Debug|Any CPU.ActiveCfg = Debug|Any CPU
		{5A91C3DD-9547-47EE-91F3-84C8931FA424}.Debug|Any CPU.Build.0 = Debug|Any CPU
		{5A91C3DD-9547-47EE-91F3-84C8931FA424}.Release|Any CPU.ActiveCfg = Release|Any CPU
		{5A91C3DD-9547-47EE-91F3-84C8931FA424}.Release|Any CPU.Build.0 = Release|Any CPU
	EndGlobalSection
	GlobalSection(SolutionProperties) = preSolution
		HideSolutionNode = FALSE
	EndGlobalSection
	GlobalSection(NestedProjects) = preSolution
		{456835D1-4968-4195-9993-B2A580E85056} = {32A813F5-13B2-4DCA-8B59-F27F1B0D5678}
		{D2378C23-2CFE-468A-924A-B8C9D4A3A8ED} = {32A813F5-13B2-4DCA-8B59-F27F1B0D5678}
		{C02A954D-CCCB-41BD-ADAD-9D7ECBF1A828} = {32A813F5-13B2-4DCA-8B59-F27F1B0D5678}
		{26171153-1784-455B-9582-0558AEEC03CF} = {32A813F5-13B2-4DCA-8B59-F27F1B0D5678}
		{3C3A7BAC-F27F-433E-BF91-289FA42E4995} = {32A813F5-13B2-4DCA-8B59-F27F1B0D5678}
		{01CC7B62-F42C-45CE-BACA-F450593A1AF2} = {32A813F5-13B2-4DCA-8B59-F27F1B0D5678}
		{1879A863-9864-4E16-8492-504055807684} = {EEF5F221-0E32-4A3D-B647-B4B5E7305806}
		{8767C5B7-3A17-4729-BCAA-B391B6A215AA} = {EEF5F221-0E32-4A3D-B647-B4B5E7305806}
		{F13D4F03-3FA0-43E9-BBAA-F618E1A3CF41} = {EEF5F221-0E32-4A3D-B647-B4B5E7305806}
		{67CF07AB-2A72-4B36-A3A5-4CEB82B7C43C} = {EEF5F221-0E32-4A3D-B647-B4B5E7305806}
		{5A91C3DD-9547-47EE-91F3-84C8931FA424} = {5F2B846D-96CE-400A-878E-220498F4EE31}
	EndGlobalSection
	GlobalSection(ExtensibilityGlobals) = postSolution
		SolutionGuid = {6C1A3808-0F4F-43FB-A9FE-5F27A3BB2ECF}
	EndGlobalSection
EndGlobal
